// !$*UTF8*$!
{
	archiveVersion = 1;
	classes = {
	};
	objectVersion = 56;
	objects = {

/* Begin PBXBuildFile section */
		F493727C29E97B170074C36B /* CountryDetailsView.swift in Sources */ = {isa = PBXBuildFile; fileRef = F493727B29E97B170074C36B /* CountryDetailsView.swift */; };
		F493727E29E98C4B0074C36B /* MembershipView.swift in Sources */ = {isa = PBXBuildFile; fileRef = F493727D29E98C4B0074C36B /* MembershipView.swift */; };
		F4EC9C8F29D7003F00A2437D /* EUMembersApp.swift in Sources */ = {isa = PBXBuildFile; fileRef = F4EC9C8E29D7003F00A2437D /* EUMembersApp.swift */; };
		F4EC9C9129D7003F00A2437D /* ContentView.swift in Sources */ = {isa = PBXBuildFile; fileRef = F4EC9C9029D7003F00A2437D /* ContentView.swift */; };
		F4EC9C9329D7004000A2437D /* Assets.xcassets in Resources */ = {isa = PBXBuildFile; fileRef = F4EC9C9229D7004000A2437D /* Assets.xcassets */; };
		F4EC9C9629D7004000A2437D /* Preview Assets.xcassets in Resources */ = {isa = PBXBuildFile; fileRef = F4EC9C9529D7004000A2437D /* Preview Assets.xcassets */; };
		F4EC9C9D29D7075400A2437D /* Country.swift in Sources */ = {isa = PBXBuildFile; fileRef = F4EC9C9C29D7075400A2437D /* Country.swift */; };
/* End PBXBuildFile section */

/* Begin PBXFileReference section */
		F493727B29E97B170074C36B /* CountryDetailsView.swift */ = {isa = PBXFileReference; lastKnownFileType = sourcecode.swift; path = CountryDetailsView.swift; sourceTree = "<group>"; };
		F493727D29E98C4B0074C36B /* MembershipView.swift */ = {isa = PBXFileReference; lastKnownFileType = sourcecode.swift; path = MembershipView.swift; sourceTree = "<group>"; };
		F4EC9C8B29D7003F00A2437D /* EUMembers.app */ = {isa = PBXFileReference; explicitFileType = wrapper.application; includeInIndex = 0; path = EUMembers.app; sourceTree = BUILT_PRODUCTS_DIR; };
		F4EC9C8E29D7003F00A2437D /* EUMembersApp.swift */ = {isa = PBXFileReference; lastKnownFileType = sourcecode.swift; path = EUMembersApp.swift; sourceTree = "<group>"; };
		F4EC9C9029D7003F00A2437D /* ContentView.swift */ = {isa = PBXFileReference; lastKnownFileType = sourcecode.swift; path = ContentView.swift; sourceTree = "<group>"; };
		F4EC9C9229D7004000A2437D /* Assets.xcassets */ = {isa = PBXFileReference; lastKnownFileType = folder.assetcatalog; path = Assets.xcassets; sourceTree = "<group>"; };
		F4EC9C9529D7004000A2437D /* Preview Assets.xcassets */ = {isa = PBXFileReference; lastKnownFileType = folder.assetcatalog; path = "Preview Assets.xcassets"; sourceTree = "<group>"; };
		F4EC9C9C29D7075400A2437D /* Country.swift */ = {isa = PBXFileReference; lastKnownFileType = sourcecode.swift; path = Country.swift; sourceTree = "<group>"; };
/* End PBXFileReference section */

/* Begin PBXFrameworksBuildPhase section */
		F4EC9C8829D7003F00A2437D /* Frameworks */ = {
			isa = PBXFrameworksBuildPhase;
			buildActionMask = 2147483647;
			files = (
			);
			runOnlyForDeploymentPostprocessing = 0;
		};
/* End PBXFrameworksBuildPhase section */

/* Begin PBXGroup section */
		F4EC9C8229D7003E00A2437D = {
			isa = PBXGroup;
			children = (
				F4EC9C8D29D7003F00A2437D /* EUMembers */,
				F4EC9C8C29D7003F00A2437D /* Products */,
			);
			sourceTree = "<group>";
		};
		F4EC9C8C29D7003F00A2437D /* Products */ = {
			isa = PBXGroup;
			children = (
				F4EC9C8B29D7003F00A2437D /* EUMembers.app */,
			);
			name = Products;
			sourceTree = "<group>";
		};
		F4EC9C8D29D7003F00A2437D /* EUMembers */ = {
			isa = PBXGroup;
			children = (
				F4EC9C8E29D7003F00A2437D /* EUMembersApp.swift */,
				F4EC9C9029D7003F00A2437D /* ContentView.swift */,
				F4EC9C9229D7004000A2437D /* Assets.xcassets */,
				F4EC9C9429D7004000A2437D /* Preview Content */,
				F4EC9C9C29D7075400A2437D /* Country.swift */,
				F493727B29E97B170074C36B /* CountryDetailsView.swift */,
				F493727D29E98C4B0074C36B /* MembershipView.swift */,
			);
			path = EUMembers;
			sourceTree = "<group>";
		};
		F4EC9C9429D7004000A2437D /* Preview Content */ = {
			isa = PBXGroup;
			children = (
				F4EC9C9529D7004000A2437D /* Preview Assets.xcassets */,
			);
			path = "Preview Content";
			sourceTree = "<group>";
		};
/* End PBXGroup section */

/* Begin PBXNativeTarget section */
		F4EC9C8A29D7003F00A2437D /* EUMembers */ = {
			isa = PBXNativeTarget;
			buildConfigurationList = F4EC9C9929D7004000A2437D /* Build configuration list for PBXNativeTarget "EUMembers" */;
			buildPhases = (
				F4EC9C8729D7003F00A2437D /* Sources */,
				F4EC9C8829D7003F00A2437D /* Frameworks */,
				F4EC9C8929D7003F00A2437D /* Resources */,
			);
			buildRules = (
			);
			dependencies = (
			);
			name = EUMembers;
			productName = EUMembers;
			productReference = F4EC9C8B29D7003F00A2437D /* EUMembers.app */;
			productType = "com.apple.product-type.application";
		};
/* End PBXNativeTarget section */

/* Begin PBXProject section */
		F4EC9C8329D7003E00A2437D /* Project object */ = {
			isa = PBXProject;
			attributes = {
				BuildIndependentTargetsInParallel = 1;
				LastSwiftUpdateCheck = 1420;
				LastUpgradeCheck = 1420;
				TargetAttributes = {
					F4EC9C8A29D7003F00A2437D = {
						CreatedOnToolsVersion = 14.2;
					};
				};
			};
			buildConfigurationList = F4EC9C8629D7003E00A2437D /* Build configuration list for PBXProject "EUMembers" */;
			compatibilityVersion = "Xcode 14.0";
			developmentRegion = en;
			hasScannedForEncodings = 0;
			knownRegions = (
				en,
				Base,
			);
			mainGroup = F4EC9C8229D7003E00A2437D;
			productRefGroup = F4EC9C8C29D7003F00A2437D /* Products */;
			projectDirPath = "";
			projectRoot = "";
			targets = (
				F4EC9C8A29D7003F00A2437D /* EUMembers */,
			);
		};
/* End PBXProject section */

/* Begin PBXResourcesBuildPhase section */
		F4EC9C8929D7003F00A2437D /* Resources */ = {
			isa = PBXResourcesBuildPhase;
			buildActionMask = 2147483647;
			files = (
				F4EC9C9629D7004000A2437D /* Preview Assets.xcassets in Resources */,
				F4EC9C9329D7004000A2437D /* Assets.xcassets in Resources */,
			);
			runOnlyForDeploymentPostprocessing = 0;
		};
/* End PBXResourcesBuildPhase section */

/* Begin PBXSourcesBuildPhase section */
		F4EC9C8729D7003F00A2437D /* Sources */ = {
			isa = PBXSourcesBuildPhase;
			buildActionMask = 2147483647;
			files = (
				F493727C29E97B170074C36B /* CountryDetailsView.swift in Sources */,
				F493727E29E98C4B0074C36B /* MembershipView.swift in Sources */,
				F4EC9C9129D7003F00A2437D /* ContentView.swift in Sources */,
				F4EC9C9D29D7075400A2437D /* Country.swift in Sources */,
				F4EC9C8F29D7003F00A2437D /* EUMembersApp.swift in Sources */,
			);
			runOnlyForDeploymentPostprocessing = 0;
		};
/* End PBXSourcesBuildPhase section */

/* Begin XCBuildConfiguration section */
		F4EC9C9729D7004000A2437D /* Debug */ = {
			isa = XCBuildConfiguration;
			buildSettings = {
				ALWAYS_SEARCH_USER_PATHS = NO;
				CLANG_ANALYZER_NONNULL = YES;
				CLANG_ANALYZER_NUMBER_OBJECT_CONVERSION = YES_AGGRESSIVE;
				CLANG_CXX_LANGUAGE_STANDARD = "gnu++20";
				CLANG_ENABLE_MODULES = YES;
				CLANG_ENABLE_OBJC_ARC = YES;
				CLANG_ENABLE_OBJC_WEAK = YES;
				CLANG_WARN_BLOCK_CAPTURE_AUTORELEASING = YES;
				CLANG_WARN_BOOL_CONVERSION = YES;
				CLANG_WARN_COMMA = YES;
				CLANG_WARN_CONSTANT_CONVERSION = YES;
				CLANG_WARN_DEPRECATED_OBJC_IMPLEMENTATIONS = YES;
				CLANG_WARN_DIRECT_OBJC_ISA_USAGE = YES_ERROR;
				CLANG_WARN_DOCUMENTATION_COMMENTS = YES;
				CLANG_WARN_EMPTY_BODY = YES;
				CLANG_WARN_ENUM_CONVERSION = YES;
				CLANG_WARN_INFINITE_RECURSION = YES;
				CLANG_WARN_INT_CONVERSION = YES;
				CLANG_WARN_NON_LITERAL_NULL_CONVERSION = YES;
				CLANG_WARN_OBJC_IMPLICIT_RETAIN_SELF = YES;
				CLANG_WARN_OBJC_LITERAL_CONVERSION = YES;
				CLANG_WARN_OBJC_ROOT_CLASS = YES_ERROR;
				CLANG_WARN_QUOTED_INCLUDE_IN_FRAMEWORK_HEADER = YES;
				CLANG_WARN_RANGE_LOOP_ANALYSIS = YES;
				CLANG_WARN_STRICT_PROTOTYPES = YES;
				CLANG_WARN_SUSPICIOUS_MOVE = YES;
				CLANG_WARN_UNGUARDED_AVAILABILITY = YES_AGGRESSIVE;
				CLANG_WARN_UNREACHABLE_CODE = YES;
				CLANG_WARN__DUPLICATE_METHOD_MATCH = YES;
				COPY_PHASE_STRIP = NO;
				DEBUG_INFORMATION_FORMAT = dwarf;
				ENABLE_STRICT_OBJC_MSGSEND = YES;
				ENABLE_TESTABILITY = YES;
				GCC_C_LANGUAGE_STANDARD = gnu11;
				GCC_DYNAMIC_NO_PIC = NO;
				GCC_NO_COMMON_BLOCKS = YES;
				GCC_OPTIMIZATION_LEVEL = 0;
				GCC_PREPROCESSOR_DEFINITIONS = (
					"DEBUG=1",
					"$(inherited)",
				);
				GCC_WARN_64_TO_32_BIT_CONVERSION = YES;
				GCC_WARN_ABOUT_RETURN_TYPE = YES_ERROR;
				GCC_WARN_UNDECLARED_SELECTOR = YES;
				GCC_WARN_UNINITIALIZED_AUTOS = YES_AGGRESSIVE;
				GCC_WARN_UNUSED_FUNCTION = YES;
				GCC_WARN_UNUSED_VARIABLE = YES;
				IPHONEOS_DEPLOYMENT_TARGET = 16.2;
				MTL_ENABLE_DEBUG_INFO = INCLUDE_SOURCE;
				MTL_FAST_MATH = YES;
				ONLY_ACTIVE_ARCH = YES;
				SDKROOT = iphoneos;
				SWIFT_ACTIVE_COMPILATION_CONDITIONS = DEBUG;
				SWIFT_OPTIMIZATION_LEVEL = "-Onone";
			};
			name = Debug;
		};
		F4EC9C9829D7004000A2437D /* Release */ = {
			isa = XCBuildConfiguration;
			buildSettings = {
				ALWAYS_SEARCH_USER_PATHS = NO;
				CLANG_ANALYZER_NONNULL = YES;
				CLANG_ANALYZER_NUMBER_OBJECT_CONVERSION = YES_AGGRESSIVE;
				CLANG_CXX_LANGUAGE_STANDARD = "gnu++20";
				CLANG_ENABLE_MODULES = YES;
				CLANG_ENABLE_OBJC_ARC = YES;
				CLANG_ENABLE_OBJC_WEAK = YES;
				CLANG_WARN_BLOCK_CAPTURE_AUTORELEASING = YES;
				CLANG_WARN_BOOL_CONVERSION = YES;
				CLANG_WARN_COMMA = YES;
				CLANG_WARN_CONSTANT_CONVERSION = YES;
				CLANG_WARN_DEPRECATED_OBJC_IMPLEMENTATIONS = YES;
				CLANG_WARN_DIRECT_OBJC_ISA_USAGE = YES_ERROR;
				CLANG_WARN_DOCUMENTATION_COMMENTS = YES;
				CLANG_WARN_EMPTY_BODY = YES;
				CLANG_WARN_ENUM_CONVERSION = YES;
				CLANG_WARN_INFINITE_RECURSION = YES;
				CLANG_WARN_INT_CONVERSION = YES;
				CLANG_WARN_NON_LITERAL_NULL_CONVERSION = YES;
				CLANG_WARN_OBJC_IMPLICIT_RETAIN_SELF = YES;
				CLANG_WARN_OBJC_LITERAL_CONVERSION = YES;
				CLANG_WARN_OBJC_ROOT_CLASS = YES_ERROR;
				CLANG_WARN_QUOTED_INCLUDE_IN_FRAMEWORK_HEADER = YES;
				CLANG_WARN_RANGE_LOOP_ANALYSIS = YES;
				CLANG_WARN_STRICT_PROTOTYPES = YES;
				CLANG_WARN_SUSPICIOUS_MOVE = YES;
				CLANG_WARN_UNGUARDED_AVAILABILITY = YES_AGGRESSIVE;
				CLANG_WARN_UNREACHABLE_CODE = YES;
				CLANG_WARN__DUPLICATE_METHOD_MATCH = YES;
				COPY_PHASE_STRIP = NO;
				DEBUG_INFORMATION_FORMAT = "dwarf-with-dsym";
				ENABLE_NS_ASSERTIONS = NO;
				ENABLE_STRICT_OBJC_MSGSEND = YES;
				GCC_C_LANGUAGE_STANDARD = gnu11;
				GCC_NO_COMMON_BLOCKS = YES;
				GCC_WARN_64_TO_32_BIT_CONVERSION = YES;
				GCC_WARN_ABOUT_RETURN_TYPE = YES_ERROR;
				GCC_WARN_UNDECLARED_SELECTOR = YES;
				GCC_WARN_UNINITIALIZED_AUTOS = YES_AGGRESSIVE;
				GCC_WARN_UNUSED_FUNCTION = YES;
				GCC_WARN_UNUSED_VARIABLE = YES;
				IPHONEOS_DEPLOYMENT_TARGET = 16.2;
				MTL_ENABLE_DEBUG_INFO = NO;
				MTL_FAST_MATH = YES;
				SDKROOT = iphoneos;
				SWIFT_COMPILATION_MODE = wholemodule;
				SWIFT_OPTIMIZATION_LEVEL = "-O";
				VALIDATE_PRODUCT = YES;
			};
			name = Release;
		};
		F4EC9C9A29D7004000A2437D /* Debug */ = {
			isa = XCBuildConfiguration;
			buildSettings = {
				ASSETCATALOG_COMPILER_APPICON_NAME = AppIcon;
				ASSETCATALOG_COMPILER_GLOBAL_ACCENT_COLOR_NAME = AccentColor;
				CODE_SIGN_STYLE = Automatic;
				CURRENT_PROJECT_VERSION = 1;
				DEVELOPMENT_ASSET_PATHS = "\"EUMembers/Preview Content\"";
				ENABLE_PREVIEWS = YES;
				GENERATE_INFOPLIST_FILE = YES;
				INFOPLIST_KEY_UIApplicationSceneManifest_Generation = YES;
				INFOPLIST_KEY_UIApplicationSupportsIndirectInputEvents = YES;
				INFOPLIST_KEY_UILaunchScreen_Generation = YES;
				INFOPLIST_KEY_UISupportedInterfaceOrientations_iPad = "UIInterfaceOrientationPortrait UIInterfaceOrientationPortraitUpsideDown UIInterfaceOrientationLandscapeLeft UIInterfaceOrientationLandscapeRight";
				INFOPLIST_KEY_UISupportedInterfaceOrientations_iPhone = "UIInterfaceOrientationPortrait UIInterfaceOrientationLandscapeLeft UIInterfaceOrientationLandscapeRight";
				IPHONEOS_DEPLOYMENT_TARGET = 16.1;
				LD_RUNPATH_SEARCH_PATHS = (
					"$(inherited)",
					"@executable_path/Frameworks",
				);
				MARKETING_VERSION = 1.0;
				PRODUCT_BUNDLE_IDENTIFIER = cloud.tamk.EUMembers;
				PRODUCT_NAME = "$(TARGET_NAME)";
				SWIFT_EMIT_LOC_STRINGS = YES;
				SWIFT_VERSION = 5.0;
				TARGETED_DEVICE_FAMILY = "1,2";
			};
			name = Debug;
		};
		F4EC9C9B29D7004000A2437D /* Release */ = {
			isa = XCBuildConfiguration;
			buildSettings = {
				ASSETCATALOG_COMPILER_APPICON_NAME = AppIcon;
				ASSETCATALOG_COMPILER_GLOBAL_ACCENT_COLOR_NAME = AccentColor;
				CODE_SIGN_STYLE = Automatic;
				CURRENT_PROJECT_VERSION = 1;
				DEVELOPMENT_ASSET_PATHS = "\"EUMembers/Preview Content\"";
				ENABLE_PREVIEWS = YES;
				GENERATE_INFOPLIST_FILE = YES;
				INFOPLIST_KEY_UIApplicationSceneManifest_Generation = YES;
				INFOPLIST_KEY_UIApplicationSupportsIndirectInputEvents = YES;
				INFOPLIST_KEY_UILaunchScreen_Generation = YES;
				INFOPLIST_KEY_UISupportedInterfaceOrientations_iPad = "UIInterfaceOrientationPortrait UIInterfaceOrientationPortraitUpsideDown UIInterfaceOrientationLandscapeLeft UIInterfaceOrientationLandscapeRight";
				INFOPLIST_KEY_UISupportedInterfaceOrientations_iPhone = "UIInterfaceOrientationPortrait UIInterfaceOrientationLandscapeLeft UIInterfaceOrientationLandscapeRight";
				IPHONEOS_DEPLOYMENT_TARGET = 16.1;
				LD_RUNPATH_SEARCH_PATHS = (
					"$(inherited)",
					"@executable_path/Frameworks",
				);
				MARKETING_VERSION = 1.0;
				PRODUCT_BUNDLE_IDENTIFIER = cloud.tamk.EUMembers;
				PRODUCT_NAME = "$(TARGET_NAME)";
				SWIFT_EMIT_LOC_STRINGS = YES;
				SWIFT_VERSION = 5.0;
				TARGETED_DEVICE_FAMILY = "1,2";
			};
			name = Release;
		};
/* End XCBuildConfiguration section */

/* Begin XCConfigurationList section */
		F4EC9C8629D7003E00A2437D /* Build configuration list for PBXProject "EUMembers" */ = {
			isa = XCConfigurationList;
			buildConfigurations = (
				F4EC9C9729D7004000A2437D /* Debug */,
				F4EC9C9829D7004000A2437D /* Release */,
			);
			defaultConfigurationIsVisible = 0;
			defaultConfigurationName = Release;
		};
		F4EC9C9929D7004000A2437D /* Build configuration list for PBXNativeTarget "EUMembers" */ = {
			isa = XCConfigurationList;
			buildConfigurations = (
				F4EC9C9A29D7004000A2437D /* Debug */,
				F4EC9C9B29D7004000A2437D /* Release */,
			);
			defaultConfigurationIsVisible = 0;
			defaultConfigurationName = Release;
		};
/* End XCConfigurationList section */
	};
	rootObject = F4EC9C8329D7003E00A2437D /* Project object */;
}
